#MicroXplorer Configuration settings - do not modify
#Wed Dec 28 00:12:23 CET 2016
File.Version=4
I2S3.ErrorAudioFreq-Full_Duplex_Master=-2.34 %
I2S3.FullDuplexMode-Full_Duplex_Master=I2S_FULLDUPLEXMODE_ENABLE
I2S3.IPParameters=MCLKOutput-Master_Clock_Activated,ErrorAudioFreq-Full_Duplex_Master,RealAudioFreq-Full_Duplex_Master,Instance-Full_Duplex_Master,VirtualMode-Full_Duplex_Master,FullDuplexMode-Full_Duplex_Master
I2S3.Instance-Full_Duplex_Master=SPI$Index
I2S3.MCLKOutput-Master_Clock_Activated=I2S_MCLKOUTPUT_ENABLE
I2S3.RealAudioFreq-Full_Duplex_Master=187.5 KHz
I2S3.VirtualMode-Full_Duplex_Master=I2S_MODE_MASTER
KeepUserPlacement=false
Mcu.Family=STM32F4
Mcu.IP0=I2C1
Mcu.IP1=I2S3
Mcu.IP2=NVIC
Mcu.IP3=RCC
Mcu.IP4=SDIO
Mcu.IP5=USB_OTG_FS
Mcu.IPNb=6
Mcu.Name=STM32F437V(G-I)Tx
Mcu.Package=LQFP100
Mcu.Pin0=PH0/OSC_IN
Mcu.Pin1=PH1/OSC_OUT
Mcu.Pin10=PC12
Mcu.Pin11=PD2
Mcu.Pin12=PB3
Mcu.Pin13=PB4
Mcu.Pin14=PB5
Mcu.Pin15=PB6
Mcu.Pin16=PB7
Mcu.Pin2=PC7
Mcu.Pin3=PC8
Mcu.Pin4=PC9
Mcu.Pin5=PA11
Mcu.Pin6=PA12
Mcu.Pin7=PA15
Mcu.Pin8=PC10
Mcu.Pin9=PC11
Mcu.PinsNb=17
Mcu.UserName=STM32F437VITx
NVIC.OTG_FS_WKUP_IRQn=true\:0\:0
NVIC.PriorityGroup=NVIC_PRIORITYGROUP_4
NVIC.SysTick_IRQn=true\:0\:0
PA11.Mode=Device_Only
PA11.Signal=USB_OTG_FS_DM
PA12.Mode=Device_Only
PA12.Signal=USB_OTG_FS_DP
PA15.Locked=true
PA15.Mode=Full_Duplex_Master
PA15.Signal=I2S3_WS
PB3.Locked=true
PB3.Mode=Full_Duplex_Master
PB3.Signal=I2S3_CK
PB4.Locked=true
PB4.Mode=Full_Duplex_Master
PB4.Signal=I2S3_ext_SD
PB5.Locked=true
PB5.Mode=Full_Duplex_Master
PB5.Signal=I2S3_SD
PB6.Mode=I2C
PB6.Signal=I2C1_SCL
PB7.Mode=I2C
PB7.Signal=I2C1_SDA
PC10.Mode=mmc_4_bits_Wide_bus
PC10.Signal=SDIO_D2
PC11.Mode=mmc_4_bits_Wide_bus
PC11.Signal=SDIO_D3
PC12.Mode=mmc_4_bits_Wide_bus
PC12.Signal=SDIO_CK
PC7.Mode=Master_Clock_Activated
PC7.Signal=I2S3_MCK
PC8.Mode=mmc_4_bits_Wide_bus
PC8.Signal=SDIO_D0
PC9.Mode=mmc_4_bits_Wide_bus
PC9.Signal=SDIO_D1
PCC.Family=STM32F4
PCC.MCU=STM32F437V(G-I)Tx
PCC.MXVersion=4.4.0
PCC.PartNumber=STM32F437VITx
PCC.Seq0=0
PCC.SubFamily=STM32F427/437
PCC.Temperature=25
PCC.Vdd=null
PD2.Mode=mmc_4_bits_Wide_bus
PD2.Signal=SDIO_CMD
PH0/OSC_IN.Mode=HSE-External-Oscillator
PH0/OSC_IN.Signal=RCC_OSC_IN
PH1/OSC_OUT.Mode=HSE-External-Oscillator
PH1/OSC_OUT.Signal=RCC_OSC_OUT
RCC.48MHZClocksFreq_Value=48000000
RCC.AHBFreq_Value=16000000
RCC.APB1Freq_Value=16000000
RCC.APB2Freq_Value=16000000
RCC.EnableExtClockForI2S-ClockTree=false
RCC.EnableExtClockForSAIA-ClockTree=false
RCC.EnableExtClockForSAIB-ClockTree=false
RCC.EnableHSE-ClockTree=true
RCC.EnableHSERTCDevisor-ClockTree=false
RCC.EnableLSE-ClockTree=false
RCC.EnableLSERTC-ClockTree=false
RCC.ExtClockEnable-ClockTree=false
RCC.FLatency-AdvancedSettings=FLASH_LATENCY_0
RCC.FamilyName=M
RCC.HSEState-ClockTree=RCC_HSE_ON
RCC.HSE_VALUE=25000000
RCC.HSIState-ClockTree=RCC_HSI_ON
RCC.HSI_VALUE=16000000
RCC.I2SClocksFreq_Value=96000000
RCC.I2SEnable-ClockTree=true
RCC.IPParameters=LSI_VALUE,OscillatorTypeHSI-ClockTree,VcooutputI2SQ,APB2Freq_Value,OscillatorTypeHSE-ClockTree,USBFSEnable-ClockTree,USBHSEnable-ClockTree,PLLSourceVirtualString,OscillatorTypeLSI-ClockTree,AHBFreq_Value,48MHZClocksFreq_Value,VCOInputFreq_Value,I2SClocksFreq_Value,VCOSAIOutputFreq_Value,SYSCLKFreq_VALUE,HSIState-ClockTree,LSE_VALUE,RCC_PERIPHCLK_I2SVar-ClockTree,HSE_VALUE,MCO1OutPutEnable-ClockTree,HSI_VALUE,PLLI2SCLKSAIA_BEnable-ClockTree,EnableLSERTC-ClockTree,IWDGEnable-ClockTree,VCOSAIOutputFreq_ValueQ,VCOI2SOutputFreq_Value,RNGEnable-ClockTree,MCO2OutPutEnable-ClockTree,LTDCEnable-ClockTree,VCOSAIOutputFreq_ValueR,PLLCLKFreq_Value,EnableExtClockForSAIB-ClockTree,RTCEnable-ClockTree,EnableHSERTCDevisor-ClockTree,RTCFreq_Value,FamilyName,FLatency-AdvancedSettings,I2SEnable-ClockTree,EnableLSE-ClockTree,EnableExtClockForSAIA-ClockTree,VCOOutputFreq_Value,SAIBEnable-ClockTree,EnableHSE-ClockTree,VcooutputI2S,EnableExtClockForI2S-ClockTree,SAIAEnable-ClockTree,PWREXT_OverDrive-AdvancedSettings,APB1Freq_Value,PWR_Regulator_Voltage_Scale-AdvancedSettings,SDIOEnable-ClockTree,LSIState-ClockTree,PLLState-ClockTree,RTCHSEDivFreq_Value,HSEState-ClockTree,ExtClockEnable-ClockTree
RCC.IWDGEnable-ClockTree=false
RCC.LSE_VALUE=32768
RCC.LSIState-ClockTree=RCC_LSI_OFF
RCC.LSI_VALUE=32000
RCC.LTDCEnable-ClockTree=false
RCC.MCO1OutPutEnable-ClockTree=false
RCC.MCO2OutPutEnable-ClockTree=false
RCC.OscillatorTypeHSE-ClockTree=
RCC.OscillatorTypeHSI-ClockTree=RCC_OSCILLATORTYPE_HSI
RCC.OscillatorTypeLSI-ClockTree=
RCC.PLLCLKFreq_Value=96000000
RCC.PLLI2SCLKSAIA_BEnable-ClockTree=true
RCC.PLLSourceVirtualString=RCC_PLLSOURCE_HSI
RCC.PLLState-ClockTree=RCC_PLL_ON
RCC.PWREXT_OverDrive-AdvancedSettings=PWREXT_OverDrive_DESACTIVATED
RCC.PWR_Regulator_Voltage_Scale-AdvancedSettings=PWR_REGULATOR_VOLTAGE_SCALE3
RCC.RCC_PERIPHCLK_I2SVar-ClockTree=RCC_PERIPHCLK_I2S
RCC.RNGEnable-ClockTree=false
RCC.RTCEnable-ClockTree=false
RCC.RTCFreq_Value=32000
RCC.RTCHSEDivFreq_Value=12500000
RCC.SAIAEnable-ClockTree=false
RCC.SAIBEnable-ClockTree=false
RCC.SDIOEnable-ClockTree=true
RCC.SYSCLKFreq_VALUE=16000000
RCC.USBFSEnable-ClockTree=true
RCC.USBHSEnable-ClockTree=false
RCC.VCOI2SOutputFreq_Value=192000000
RCC.VCOInputFreq_Value=1000000
RCC.VCOOutputFreq_Value=192000000
RCC.VCOSAIOutputFreq_Value=49000000
RCC.VCOSAIOutputFreq_ValueQ=12250000
RCC.VCOSAIOutputFreq_ValueR=24500000
RCC.VcooutputI2S=96000000
RCC.VcooutputI2SQ=96000000
USB_OTG_FS.IPParameters=speed-Device_Only,dma_enable-Device_Only,VirtualMode-Device_Only,phy_itface-Device_Only
USB_OTG_FS.VirtualMode-Device_Only=Device_Only
USB_OTG_FS.dma_enable-Device_Only=DISABLE
USB_OTG_FS.phy_itface-Device_Only=PCD_PHY_EMBEDDED
USB_OTG_FS.speed-Device_Only=PCD_SPEED_FULL
